
Microsoft Visual Studio Solution File, Format Version 11.00
# Visual Studio 2010
Project("{FAE04EC0-301F-11D3-BF4B-00C04F79EFBC}") = "XmppBot-Commands", "XmppBot-Commands.csproj", "{23858923-F14E-4C51-8E0B-1F9800BD4564}"
EndProject
Project("{FAE04EC0-301F-11D3-BF4B-00C04F79EFBC}") = "Commands.Tests", "Commands.Tests\Commands.Tests.csproj", "{BF007DCD-01C8-44AB-A7CF-5A76D2E546FC}"
EndProject
Global
	GlobalSection(SolutionConfigurationPlatforms) = preSolution
		Debug|Any CPU = Debug|Any CPU
		Release|Any CPU = Release|Any CPU
	EndGlobalSection
	GlobalSection(ProjectConfigurationPlatforms) = postSolution
		{23858923-F14E-4C51-8E0B-1F9800BD4564}.Debug|Any CPU.ActiveCfg = Debug|Any CPU
		{23858923-F14E-4C51-8E0B-1F9800BD4564}.Debug|Any CPU.Build.0 = Debug|Any CPU
		{23858923-F14E-4C51-8E0B-1F9800BD4564}.Release|Any CPU.ActiveCfg = Release|Any CPU
		{23858923-F14E-4C51-8E0B-1F9800BD4564}.Release|Any CPU.Build.0 = Release|Any CPU
		{BF007DCD-01C8-44AB-A7CF-5A76D2E546FC}.Debug|Any CPU.ActiveCfg = Debug|Any CPU
		{BF007DCD-01C8-44AB-A7CF-5A76D2E546FC}.Debug|Any CPU.Build.0 = Debug|Any CPU
		{BF007DCD-01C8-44AB-A7CF-5A76D2E546FC}.Release|Any CPU.ActiveCfg = Release|Any CPU
		{BF007DCD-01C8-44AB-A7CF-5A76D2E546FC}.Release|Any CPU.Build.0 = Release|Any CPU
	EndGlobalSection
	GlobalSection(SolutionProperties) = preSolution
		HideSolutionNode = FALSE
	EndGlobalSection
EndGlobal
